// !$*UTF8*$!
{
	archiveVersion = 1;
	classes = {
	};
	objectVersion = 46;
	objects = {

/* Begin PBXBuildFile section */
		65EA6BD91AC9B17F00D1076C /* AppDelegate.swift in Sources */ = {isa = PBXBuildFile; fileRef = 65EA6BD81AC9B17F00D1076C /* AppDelegate.swift */; };
		65EA6BDC1AC9B17F00D1076C /* PartyTime.xcdatamodeld in Sources */ = {isa = PBXBuildFile; fileRef = 65EA6BDA1AC9B17F00D1076C /* PartyTime.xcdatamodeld */; };
		65EA6BDE1AC9B17F00D1076C /* ViewController.swift in Sources */ = {isa = PBXBuildFile; fileRef = 65EA6BDD1AC9B17F00D1076C /* ViewController.swift */; };
		65EA6BE11AC9B17F00D1076C /* Main.storyboard in Resources */ = {isa = PBXBuildFile; fileRef = 65EA6BDF1AC9B17F00D1076C /* Main.storyboard */; };
		65EA6BE31AC9B17F00D1076C /* Images.xcassets in Resources */ = {isa = PBXBuildFile; fileRef = 65EA6BE21AC9B17F00D1076C /* Images.xcassets */; };
		65EA6BE61AC9B17F00D1076C /* LaunchScreen.xib in Resources */ = {isa = PBXBuildFile; fileRef = 65EA6BE41AC9B17F00D1076C /* LaunchScreen.xib */; };
		65EA6BF21AC9B17F00D1076C /* PartyTimeTests.swift in Sources */ = {isa = PBXBuildFile; fileRef = 65EA6BF11AC9B17F00D1076C /* PartyTimeTests.swift */; };
/* End PBXBuildFile section */

/* Begin PBXContainerItemProxy section */
		65EA6BEC1AC9B17F00D1076C /* PBXContainerItemProxy */ = {
			isa = PBXContainerItemProxy;
			containerPortal = 65EA6BCB1AC9B17F00D1076C /* Project object */;
			proxyType = 1;
			remoteGlobalIDString = 65EA6BD21AC9B17F00D1076C;
			remoteInfo = PartyTime;
		};
/* End PBXContainerItemProxy section */

/* Begin PBXFileReference section */
		65EA6BD31AC9B17F00D1076C /* PartyTime.app */ = {isa = PBXFileReference; explicitFileType = wrapper.application; includeInIndex = 0; path = PartyTime.app; sourceTree = BUILT_PRODUCTS_DIR; };
		65EA6BD71AC9B17F00D1076C /* Info.plist */ = {isa = PBXFileReference; lastKnownFileType = text.plist.xml; path = Info.plist; sourceTree = "<group>"; };
		65EA6BD81AC9B17F00D1076C /* AppDelegate.swift */ = {isa = PBXFileReference; lastKnownFileType = sourcecode.swift; path = AppDelegate.swift; sourceTree = "<group>"; };
		65EA6BDB1AC9B17F00D1076C /* PartyTime.xcdatamodel */ = {isa = PBXFileReference; lastKnownFileType = wrapper.xcdatamodel; path = PartyTime.xcdatamodel; sourceTree = "<group>"; };
		65EA6BDD1AC9B17F00D1076C /* ViewController.swift */ = {isa = PBXFileReference; lastKnownFileType = sourcecode.swift; path = ViewController.swift; sourceTree = "<group>"; };
		65EA6BE01AC9B17F00D1076C /* Base */ = {isa = PBXFileReference; lastKnownFileType = file.storyboard; name = Base; path = Base.lproj/Main.storyboard; sourceTree = "<group>"; };
		65EA6BE21AC9B17F00D1076C /* Images.xcassets */ = {isa = PBXFileReference; lastKnownFileType = folder.assetcatalog; path = Images.xcassets; sourceTree = "<group>"; };
		65EA6BE51AC9B17F00D1076C /* Base */ = {isa = PBXFileReference; lastKnownFileType = file.xib; name = Base; path = Base.lproj/LaunchScreen.xib; sourceTree = "<group>"; };
		65EA6BEB1AC9B17F00D1076C /* PartyTimeTests.xctest */ = {isa = PBXFileReference; explicitFileType = wrapper.cfbundle; includeInIndex = 0; path = PartyTimeTests.xctest; sourceTree = BUILT_PRODUCTS_DIR; };
		65EA6BF01AC9B17F00D1076C /* Info.plist */ = {isa = PBXFileReference; lastKnownFileType = text.plist.xml; path = Info.plist; sourceTree = "<group>"; };
		65EA6BF11AC9B17F00D1076C /* PartyTimeTests.swift */ = {isa = PBXFileReference; lastKnownFileType = sourcecode.swift; path = PartyTimeTests.swift; sourceTree = "<group>"; };
/* End PBXFileReference section */

/* Begin PBXFrameworksBuildPhase section */
		65EA6BD01AC9B17F00D1076C /* Frameworks */ = {
			isa = PBXFrameworksBuildPhase;
			buildActionMask = 2147483647;
			files = (
			);
			runOnlyForDeploymentPostprocessing = 0;
		};
		65EA6BE81AC9B17F00D1076C /* Frameworks */ = {
			isa = PBXFrameworksBuildPhase;
			buildActionMask = 2147483647;
			files = (
			);
			runOnlyForDeploymentPostprocessing = 0;
		};
/* End PBXFrameworksBuildPhase section */

/* Begin PBXGroup section */
		65EA6BCA1AC9B17F00D1076C = {
			isa = PBXGroup;
			children = (
				65EA6BD51AC9B17F00D1076C /* PartyTime */,
				65EA6BEE1AC9B17F00D1076C /* PartyTimeTests */,
				65EA6BD41AC9B17F00D1076C /* Products */,
			);
			sourceTree = "<group>";
		};
		65EA6BD41AC9B17F00D1076C /* Products */ = {
			isa = PBXGroup;
			children = (
				65EA6BD31AC9B17F00D1076C /* PartyTime.app */,
				65EA6BEB1AC9B17F00D1076C /* PartyTimeTests.xctest */,
			);
			name = Products;
			sourceTree = "<group>";
		};
		65EA6BD51AC9B17F00D1076C /* PartyTime */ = {
			isa = PBXGroup;
			children = (
				65EA6BD81AC9B17F00D1076C /* AppDelegate.swift */,
				65EA6BDD1AC9B17F00D1076C /* ViewController.swift */,
				65EA6BDF1AC9B17F00D1076C /* Main.storyboard */,
				65EA6BE21AC9B17F00D1076C /* Images.xcassets */,
				65EA6BE41AC9B17F00D1076C /* LaunchScreen.xib */,
				65EA6BDA1AC9B17F00D1076C /* PartyTime.xcdatamodeld */,
				65EA6BD61AC9B17F00D1076C /* Supporting Files */,
			);
			path = PartyTime;
			sourceTree = "<group>";
		};
		65EA6BD61AC9B17F00D1076C /* Supporting Files */ = {
			isa = PBXGroup;
			children = (
				65EA6BD71AC9B17F00D1076C /* Info.plist */,
			);
			name = "Supporting Files";
			sourceTree = "<group>";
		};
		65EA6BEE1AC9B17F00D1076C /* PartyTimeTests */ = {
			isa = PBXGroup;
			children = (
				65EA6BF11AC9B17F00D1076C /* PartyTimeTests.swift */,
				65EA6BEF1AC9B17F00D1076C /* Supporting Files */,
			);
			path = PartyTimeTests;
			sourceTree = "<group>";
		};
		65EA6BEF1AC9B17F00D1076C /* Supporting Files */ = {
			isa = PBXGroup;
			children = (
				65EA6BF01AC9B17F00D1076C /* Info.plist */,
			);
			name = "Supporting Files";
			sourceTree = "<group>";
		};
/* End PBXGroup section */

/* Begin PBXNativeTarget section */
		65EA6BD21AC9B17F00D1076C /* PartyTime */ = {
			isa = PBXNativeTarget;
			buildConfigurationList = 65EA6BF51AC9B17F00D1076C /* Build configuration list for PBXNativeTarget "PartyTime" */;
			buildPhases = (
				65EA6BCF1AC9B17F00D1076C /* Sources */,
				65EA6BD01AC9B17F00D1076C /* Frameworks */,
				65EA6BD11AC9B17F00D1076C /* Resources */,
			);
			buildRules = (
			);
			dependencies = (
			);
			name = PartyTime;
			productName = PartyTime;
			productReference = 65EA6BD31AC9B17F00D1076C /* PartyTime.app */;
			productType = "com.apple.product-type.application";
		};
		65EA6BEA1AC9B17F00D1076C /* PartyTimeTests */ = {
			isa = PBXNativeTarget;
			buildConfigurationList = 65EA6BF81AC9B17F00D1076C /* Build configuration list for PBXNativeTarget "PartyTimeTests" */;
			buildPhases = (
				65EA6BE71AC9B17F00D1076C /* Sources */,
				65EA6BE81AC9B17F00D1076C /* Frameworks */,
				65EA6BE91AC9B17F00D1076C /* Resources */,
			);
			buildRules = (
			);
			dependencies = (
				65EA6BED1AC9B17F00D1076C /* PBXTargetDependency */,
			);
			name = PartyTimeTests;
			productName = PartyTimeTests;
			productReference = 65EA6BEB1AC9B17F00D1076C /* PartyTimeTests.xctest */;
			productType = "com.apple.product-type.bundle.unit-test";
		};
/* End PBXNativeTarget section */

/* Begin PBXProject section */
		65EA6BCB1AC9B17F00D1076C /* Project object */ = {
			isa = PBXProject;
			attributes = {
				LastUpgradeCheck = 0610;
				ORGANIZATIONNAME = Nanigans;
				TargetAttributes = {
					65EA6BD21AC9B17F00D1076C = {
						CreatedOnToolsVersion = 6.1.1;
					};
					65EA6BEA1AC9B17F00D1076C = {
						CreatedOnToolsVersion = 6.1.1;
						TestTargetID = 65EA6BD21AC9B17F00D1076C;
					};
				};
			};
			buildConfigurationList = 65EA6BCE1AC9B17F00D1076C /* Build configuration list for PBXProject "PartyTime" */;
			compatibilityVersion = "Xcode 3.2";
			developmentRegion = English;
			hasScannedForEncodings = 0;
			knownRegions = (
				en,
				Base,
			);
			mainGroup = 65EA6BCA1AC9B17F00D1076C;
			productRefGroup = 65EA6BD41AC9B17F00D1076C /* Products */;
			projectDirPath = "";
			projectRoot = "";
			targets = (
				65EA6BD21AC9B17F00D1076C /* PartyTime */,
				65EA6BEA1AC9B17F00D1076C /* PartyTimeTests */,
			);
		};
/* End PBXProject section */

/* Begin PBXResourcesBuildPhase section */
		65EA6BD11AC9B17F00D1076C /* Resources */ = {
			isa = PBXResourcesBuildPhase;
			buildActionMask = 2147483647;
			files = (
				65EA6BE11AC9B17F00D1076C /* Main.storyboard in Resources */,
				65EA6BE61AC9B17F00D1076C /* LaunchScreen.xib in Resources */,
				65EA6BE31AC9B17F00D1076C /* Images.xcassets in Resources */,
			);
			runOnlyForDeploymentPostprocessing = 0;
		};
		65EA6BE91AC9B17F00D1076C /* Resources */ = {
			isa = PBXResourcesBuildPhase;
			buildActionMask = 2147483647;
			files = (
			);
			runOnlyForDeploymentPostprocessing = 0;
		};
/* End PBXResourcesBuildPhase section */

/* Begin PBXSourcesBuildPhase section */
		65EA6BCF1AC9B17F00D1076C /* Sources */ = {
			isa = PBXSourcesBuildPhase;
			buildActionMask = 2147483647;
			files = (
				65EA6BDE1AC9B17F00D1076C /* ViewController.swift in Sources */,
				65EA6BD91AC9B17F00D1076C /* AppDelegate.swift in Sources */,
				65EA6BDC1AC9B17F00D1076C /* PartyTime.xcdatamodeld in Sources */,
			);
			runOnlyForDeploymentPostprocessing = 0;
		};
		65EA6BE71AC9B17F00D1076C /* Sources */ = {
			isa = PBXSourcesBuildPhase;
			buildActionMask = 2147483647;
			files = (
				65EA6BF21AC9B17F00D1076C /* PartyTimeTests.swift in Sources */,
			);
			runOnlyForDeploymentPostprocessing = 0;
		};
/* End PBXSourcesBuildPhase section */

/* Begin PBXTargetDependency section */
		65EA6BED1AC9B17F00D1076C /* PBXTargetDependency */ = {
			isa = PBXTargetDependency;
			target = 65EA6BD21AC9B17F00D1076C /* PartyTime */;
			targetProxy = 65EA6BEC1AC9B17F00D1076C /* PBXContainerItemProxy */;
		};
/* End PBXTargetDependency section */

/* Begin PBXVariantGroup section */
		65EA6BDF1AC9B17F00D1076C /* Main.storyboard */ = {
			isa = PBXVariantGroup;
			children = (
				65EA6BE01AC9B17F00D1076C /* Base */,
			);
			name = Main.storyboard;
			sourceTree = "<group>";
		};
		65EA6BE41AC9B17F00D1076C /* LaunchScreen.xib */ = {
			isa = PBXVariantGroup;
			children = (
				65EA6BE51AC9B17F00D1076C /* Base */,
			);
			name = LaunchScreen.xib;
			sourceTree = "<group>";
		};
/* End PBXVariantGroup section */

/* Begin XCBuildConfiguration section */
		65EA6BF31AC9B17F00D1076C /* Debug */ = {
			isa = XCBuildConfiguration;
			buildSettings = {
				ALWAYS_SEARCH_USER_PATHS = NO;
				CLANG_CXX_LANGUAGE_STANDARD = "gnu++0x";
				CLANG_CXX_LIBRARY = "libc++";
				CLANG_ENABLE_MODULES = YES;
				CLANG_ENABLE_OBJC_ARC = YES;
				CLANG_WARN_BOOL_CONVERSION = YES;
				CLANG_WARN_CONSTANT_CONVERSION = YES;
				CLANG_WARN_DIRECT_OBJC_ISA_USAGE = YES_ERROR;
				CLANG_WARN_EMPTY_BODY = YES;
				CLANG_WARN_ENUM_CONVERSION = YES;
				CLANG_WARN_INT_CONVERSION = YES;
				CLANG_WARN_OBJC_ROOT_CLASS = YES_ERROR;
				CLANG_WARN_UNREACHABLE_CODE = YES;
				CLANG_WARN__DUPLICATE_METHOD_MATCH = YES;
				"CODE_SIGN_IDENTITY[sdk=iphoneos*]" = "iPhone Developer";
				COPY_PHASE_STRIP = NO;
				ENABLE_STRICT_OBJC_MSGSEND = YES;
				GCC_C_LANGUAGE_STANDARD = gnu99;
				GCC_DYNAMIC_NO_PIC = NO;
				GCC_OPTIMIZATION_LEVEL = 0;
				GCC_PREPROCESSOR_DEFINITIONS = (
					"DEBUG=1",
					"$(inherited)",
				);
				GCC_SYMBOLS_PRIVATE_EXTERN = NO;
				GCC_WARN_64_TO_32_BIT_CONVERSION = YES;
				GCC_WARN_ABOUT_RETURN_TYPE = YES_ERROR;
				GCC_WARN_UNDECLARED_SELECTOR = YES;
				GCC_WARN_UNINITIALIZED_AUTOS = YES_AGGRESSIVE;
				GCC_WARN_UNUSED_FUNCTION = YES;
				GCC_WARN_UNUSED_VARIABLE = YES;
				IPHONEOS_DEPLOYMENT_TARGET = 8.1;
				MTL_ENABLE_DEBUG_INFO = YES;
				ONLY_ACTIVE_ARCH = YES;
				SDKROOT = iphoneos;
				SWIFT_OPTIMIZATION_LEVEL = "-Onone";
			};
			name = Debug;
		};
		65EA6BF41AC9B17F00D1076C /* Release */ = {
			isa = XCBuildConfiguration;
			buildSettings = {
				ALWAYS_SEARCH_USER_PATHS = NO;
				CLANG_CXX_LANGUAGE_STANDARD = "gnu++0x";
				CLANG_CXX_LIBRARY = "libc++";
				CLANG_ENABLE_MODULES = YES;
				CLANG_ENABLE_OBJC_ARC = YES;
				CLANG_WARN_BOOL_CONVERSION = YES;
				CLANG_WARN_CONSTANT_CONVERSION = YES;
				CLANG_WARN_DIRECT_OBJC_ISA_USAGE = YES_ERROR;
				CLANG_WARN_EMPTY_BODY = YES;
				CLANG_WARN_ENUM_CONVERSION = YES;
				CLANG_WARN_INT_CONVERSION = YES;
				CLANG_WARN_OBJC_ROOT_CLASS = YES_ERROR;
				CLANG_WARN_UNREACHABLE_CODE = YES;
				CLANG_WARN__DUPLICATE_METHOD_MATCH = YES;
				"CODE_SIGN_IDENTITY[sdk=iphoneos*]" = "iPhone Developer";
				COPY_PHASE_STRIP = YES;
				ENABLE_NS_ASSERTIONS = NO;
				ENABLE_STRICT_OBJC_MSGSEND = YES;
				GCC_C_LANGUAGE_STANDARD = gnu99;
				GCC_WARN_64_TO_32_BIT_CONVERSION = YES;
				GCC_WARN_ABOUT_RETURN_TYPE = YES_ERROR;
				GCC_WARN_UNDECLARED_SELECTOR = YES;
				GCC_WARN_UNINITIALIZED_AUTOS = YES_AGGRESSIVE;
				GCC_WARN_UNUSED_FUNCTION = YES;
				GCC_WARN_UNUSED_VARIABLE = YES;
				IPHONEOS_DEPLOYMENT_TARGET = 8.1;
				MTL_ENABLE_DEBUG_INFO = NO;
				SDKROOT = iphoneos;
				VALIDATE_PRODUCT = YES;
			};
			name = Release;
		};
		65EA6BF61AC9B17F00D1076C /* Debug */ = {
			isa = XCBuildConfiguration;
			buildSettings = {
				ASSETCATALOG_COMPILER_APPICON_NAME = AppIcon;
				INFOPLIST_FILE = PartyTime/Info.plist;
				LD_RUNPATH_SEARCH_PATHS = "$(inherited) @executable_path/Frameworks";
				PRODUCT_NAME = "$(TARGET_NAME)";
			};
			name = Debug;
		};
		65EA6BF71AC9B17F00D1076C /* Release */ = {
			isa = XCBuildConfiguration;
			buildSettings = {
				ASSETCATALOG_COMPILER_APPICON_NAME = AppIcon;
				INFOPLIST_FILE = PartyTime/Info.plist;
				LD_RUNPATH_SEARCH_PATHS = "$(inherited) @executable_path/Frameworks";
				PRODUCT_NAME = "$(TARGET_NAME)";
			};
			name = Release;
		};
		65EA6BF91AC9B17F00D1076C /* Debug */ = {
			isa = XCBuildConfiguration;
			buildSettings = {
				BUNDLE_LOADER = "$(TEST_HOST)";
				FRAMEWORK_SEARCH_PATHS = (
					"$(SDKROOT)/Developer/Library/Frameworks",
					"$(inherited)",
				);
				GCC_PREPROCESSOR_DEFINITIONS = (
					"DEBUG=1",
					"$(inherited)",
				);
				INFOPLIST_FILE = PartyTimeTests/Info.plist;
				LD_RUNPATH_SEARCH_PATHS = "$(inherited) @executable_path/Frameworks @loader_path/Frameworks";
				PRODUCT_NAME = "$(TARGET_NAME)";
				TEST_HOST = "$(BUILT_PRODUCTS_DIR)/PartyTime.app/PartyTime";
			};
			name = Debug;
		};
		65EA6BFA1AC9B17F00D1076C /* Release */ = {
			isa = XCBuildConfiguration;
			buildSettings = {
				BUNDLE_LOADER = "$(TEST_HOST)";
				FRAMEWORK_SEARCH_PATHS = (
					"$(SDKROOT)/Developer/Library/Frameworks",
					"$(inherited)",
				);
				INFOPLIST_FILE = PartyTimeTests/Info.plist;
				LD_RUNPATH_SEARCH_PATHS = "$(inherited) @executable_path/Frameworks @loader_path/Frameworks";
				PRODUCT_NAME = "$(TARGET_NAME)";
				TEST_HOST = "$(BUILT_PRODUCTS_DIR)/PartyTime.app/PartyTime";
			};
			name = Release;
		};
/* End XCBuildConfiguration section */

/* Begin XCConfigurationList section */
		65EA6BCE1AC9B17F00D1076C /* Build configuration list for PBXProject "PartyTime" */ = {
			isa = XCConfigurationList;
			buildConfigurations = (
				65EA6BF31AC9B17F00D1076C /* Debug */,
				65EA6BF41AC9B17F00D1076C /* Release */,
			);
			defaultConfigurationIsVisible = 0;
			defaultConfigurationName = Release;
		};
		65EA6BF51AC9B17F00D1076C /* Build configuration list for PBXNativeTarget "PartyTime" */ = {
			isa = XCConfigurationList;
			buildConfigurations = (
				65EA6BF61AC9B17F00D1076C /* Debug */,
				65EA6BF71AC9B17F00D1076C /* Release */,
			);
			defaultConfigurationIsVisible = 0;
		};
		65EA6BF81AC9B17F00D1076C /* Build configuration list for PBXNativeTarget "PartyTimeTests" */ = {
			isa = XCConfigurationList;
			buildConfigurations = (
				65EA6BF91AC9B17F00D1076C /* Debug */,
				65EA6BFA1AC9B17F00D1076C /* Release */,
			);
			defaultConfigurationIsVisible = 0;
		};
/* End XCConfigurationList section */

/* Begin XCVersionGroup section */
		65EA6BDA1AC9B17F00D1076C /* PartyTime.xcdatamodeld */ = {
			isa = XCVersionGroup;
			children = (
				65EA6BDB1AC9B17F00D1076C /* PartyTime.xcdatamodel */,
			);
			currentVersion = 65EA6BDB1AC9B17F00D1076C /* PartyTime.xcdatamodel */;
			path = PartyTime.xcdatamodeld;
			sourceTree = "<group>";
			versionGroupType = wrapper.xcdatamodel;
		};
/* End XCVersionGroup section */
	};
	rootObject = 65EA6BCB1AC9B17F00D1076C /* Project object */;
}
